
Microsoft Visual Studio Solution File, Format Version 12.00
# Visual Studio 15
VisualStudioVersion = 15.0.27130.2024
MinimumVisualStudioVersion = 10.0.40219.1
Project("{FAE04EC0-301F-11D3-BF4B-00C04F79EFBC}") = "BitcoinParser.Core", "BitcoinParser.Core\BitcoinParser.Core.csproj", "{D93B9C24-15CE-431D-B078-6F7B68CB59D6}"
EndProject
Project("{FAE04EC0-301F-11D3-BF4B-00C04F79EFBC}") = "BitcoinParser.Loader", "BitcoinParser.Loader\BitcoinParser.Loader.csproj", "{87667576-6EDF-4FE1-B1D2-67397B81309D}"
EndProject
Project("{FAE04EC0-301F-11D3-BF4B-00C04F79EFBC}") = "AdoNetHelpers", "AdoNetHelpers\AdoNetHelpers.csproj", "{917927C4-3159-455F-82E3-18D0578BFA3A}"
EndProject
Project("{FAE04EC0-301F-11D3-BF4B-00C04F79EFBC}") = "BitcoinDatabaseGenerator", "BitcoinDatabaseGenerator\BitcoinDatabaseGenerator.csproj", "{1741E57A-11D3-4CD6-96DA-ED8C01CFE25F}"
EndProject
Project("{FAE04EC0-301F-11D3-BF4B-00C04F79EFBC}") = "BitcoinDataLayerAdoNet", "BitcoinDataLayerAdoNet\BitcoinDataLayerAdoNet.csproj", "{C597E481-962B-4D66-AE8A-409E11519344}"
EndProject
Project("{FAE04EC0-301F-11D3-BF4B-00C04F79EFBC}") = "BitcoinDatabaseGeneratorIntegrationTest", "Tests\BitcoinDatabaseGeneratorIntegrationTest\BitcoinDatabaseGeneratorIntegrationTest.csproj", "{B334D3C4-470F-42FB-8BB2-1CA78D35F881}"
EndProject
Project("{FAE04EC0-301F-11D3-BF4B-00C04F79EFBC}") = "ZeroHelpersUnitTest", "Tests\ZeroHelpersUnitTest\ZeroHelpersUnitTest.csproj", "{25E7865E-2704-459A-8D88-EF050608ACB9}"
EndProject
Project("{FAE04EC0-301F-11D3-BF4B-00C04F79EFBC}") = "ZeroHelpers", "ZeroHelpers\ZeroHelpers.csproj", "{840F367F-12CF-4EC5-9D9D-BCF9ED9BB4B1}"
EndProject
Project("{FAE04EC0-301F-11D3-BF4B-00C04F79EFBC}") = "ResharperAnnotations", "ResharperAnnotations\ResharperAnnotations.csproj", "{4F7613B1-1AC7-436F-A3F4-796BEA7E47EB}"
EndProject
Global
	GlobalSection(SolutionConfigurationPlatforms) = preSolution
		Debug|Any CPU = Debug|Any CPU
		Release|Any CPU = Release|Any CPU
	EndGlobalSection
	GlobalSection(ProjectConfigurationPlatforms) = postSolution
		{D93B9C24-15CE-431D-B078-6F7B68CB59D6}.Debug|Any CPU.ActiveCfg = Debug|Any CPU
		{D93B9C24-15CE-431D-B078-6F7B68CB59D6}.Debug|Any CPU.Build.0 = Debug|Any CPU
		{D93B9C24-15CE-431D-B078-6F7B68CB59D6}.Release|Any CPU.ActiveCfg = Release|Any CPU
		{D93B9C24-15CE-431D-B078-6F7B68CB59D6}.Release|Any CPU.Build.0 = Release|Any CPU
		{87667576-6EDF-4FE1-B1D2-67397B81309D}.Debug|Any CPU.ActiveCfg = Debug|Any CPU
		{87667576-6EDF-4FE1-B1D2-67397B81309D}.Debug|Any CPU.Build.0 = Debug|Any CPU
		{87667576-6EDF-4FE1-B1D2-67397B81309D}.Release|Any CPU.ActiveCfg = Release|Any CPU
		{87667576-6EDF-4FE1-B1D2-67397B81309D}.Release|Any CPU.Build.0 = Release|Any CPU
		{917927C4-3159-455F-82E3-18D0578BFA3A}.Debug|Any CPU.ActiveCfg = Debug|Any CPU
		{917927C4-3159-455F-82E3-18D0578BFA3A}.Debug|Any CPU.Build.0 = Debug|Any CPU
		{917927C4-3159-455F-82E3-18D0578BFA3A}.Release|Any CPU.ActiveCfg = Release|Any CPU
		{917927C4-3159-455F-82E3-18D0578BFA3A}.Release|Any CPU.Build.0 = Release|Any CPU
		{1741E57A-11D3-4CD6-96DA-ED8C01CFE25F}.Debug|Any CPU.ActiveCfg = Debug|Any CPU
		{1741E57A-11D3-4CD6-96DA-ED8C01CFE25F}.Debug|Any CPU.Build.0 = Debug|Any CPU
		{1741E57A-11D3-4CD6-96DA-ED8C01CFE25F}.Release|Any CPU.ActiveCfg = Release|Any CPU
		{1741E57A-11D3-4CD6-96DA-ED8C01CFE25F}.Release|Any CPU.Build.0 = Release|Any CPU
		{C597E481-962B-4D66-AE8A-409E11519344}.Debug|Any CPU.ActiveCfg = Debug|Any CPU
		{C597E481-962B-4D66-AE8A-409E11519344}.Debug|Any CPU.Build.0 = Debug|Any CPU
		{C597E481-962B-4D66-AE8A-409E11519344}.Release|Any CPU.ActiveCfg = Release|Any CPU
		{C597E481-962B-4D66-AE8A-409E11519344}.Release|Any CPU.Build.0 = Release|Any CPU
		{B334D3C4-470F-42FB-8BB2-1CA78D35F881}.Debug|Any CPU.ActiveCfg = Debug|Any CPU
		{B334D3C4-470F-42FB-8BB2-1CA78D35F881}.Debug|Any CPU.Build.0 = Debug|Any CPU
		{B334D3C4-470F-42FB-8BB2-1CA78D35F881}.Release|Any CPU.ActiveCfg = Release|Any CPU
		{B334D3C4-470F-42FB-8BB2-1CA78D35F881}.Release|Any CPU.Build.0 = Release|Any CPU
		{25E7865E-2704-459A-8D88-EF050608ACB9}.Debug|Any CPU.ActiveCfg = Debug|Any CPU
		{25E7865E-2704-459A-8D88-EF050608ACB9}.Debug|Any CPU.Build.0 = Debug|Any CPU
		{25E7865E-2704-459A-8D88-EF050608ACB9}.Release|Any CPU.ActiveCfg = Release|Any CPU
		{25E7865E-2704-459A-8D88-EF050608ACB9}.Release|Any CPU.Build.0 = Release|Any CPU
		{840F367F-12CF-4EC5-9D9D-BCF9ED9BB4B1}.Debug|Any CPU.ActiveCfg = Debug|Any CPU
		{840F367F-12CF-4EC5-9D9D-BCF9ED9BB4B1}.Debug|Any CPU.Build.0 = Debug|Any CPU
		{840F367F-12CF-4EC5-9D9D-BCF9ED9BB4B1}.Release|Any CPU.ActiveCfg = Release|Any CPU
		{840F367F-12CF-4EC5-9D9D-BCF9ED9BB4B1}.Release|Any CPU.Build.0 = Release|Any CPU
		{4F7613B1-1AC7-436F-A3F4-796BEA7E47EB}.Debug|Any CPU.ActiveCfg = Debug|Any CPU
		{4F7613B1-1AC7-436F-A3F4-796BEA7E47EB}.Debug|Any CPU.Build.0 = Debug|Any CPU
		{4F7613B1-1AC7-436F-A3F4-796BEA7E47EB}.Release|Any CPU.ActiveCfg = Release|Any CPU
		{4F7613B1-1AC7-436F-A3F4-796BEA7E47EB}.Release|Any CPU.Build.0 = Release|Any CPU
	EndGlobalSection
	GlobalSection(SolutionProperties) = preSolution
		HideSolutionNode = FALSE
	EndGlobalSection
	GlobalSection(ExtensibilityGlobals) = postSolution
		SolutionGuid = {6A10AA92-D94C-489A-BBA3-BD14E001B27E}
	EndGlobalSection
EndGlobal
